
Microsoft Visual Studio Solution File, Format Version 12.00
# Visual Studio 15
VisualStudioVersion = 15.0.26430.14
MinimumVisualStudioVersion = 10.0.40219.1
Project("{FAE04EC0-301F-11D3-BF4B-00C04F79EFBC}") = "PaymentProcessor", "Subscriber\PaymentProcessor.csproj", "{BD0DB9D4-48EB-40CC-8288-ACAF24D24429}"
EndProject
Project("{FAE04EC0-301F-11D3-BF4B-00C04F79EFBC}") = "OrderSite", "Publisher\OrderSite.csproj", "{3E29C552-D254-437E-B714-3FE8D6190E81}"
EndProject
Project("{FAE04EC0-301F-11D3-BF4B-00C04F79EFBC}") = "Messages", "Messages\Messages.csproj", "{4154F3CD-AE2D-4AE4-B724-BA13DC559A6D}"
EndProject
Project("{FAE04EC0-301F-11D3-BF4B-00C04F79EFBC}") = "OrderSaga", "OrderSaga\OrderSaga.csproj", "{2289697E-6CF8-44EB-99F7-E9990E156BF1}"
EndProject
Project("{FAE04EC0-301F-11D3-BF4B-00C04F79EFBC}") = "ShippingService", "ShippingService\ShippingService.csproj", "{224FF4A3-59AF-472F-8431-0D653E5F74C4}"
EndProject
Project("{FAE04EC0-301F-11D3-BF4B-00C04F79EFBC}") = "Emailer", "Emailer\Emailer.csproj", "{9C82D7FD-E57A-4823-9B54-84300C4AEB4D}"
EndProject
Project("{FAE04EC0-301F-11D3-BF4B-00C04F79EFBC}") = "StockService", "StockService\StockService.csproj", "{75076656-542B-48BD-961F-32995FF777DC}"
EndProject
Global
	GlobalSection(SolutionConfigurationPlatforms) = preSolution
		Debug|Any CPU = Debug|Any CPU
		Release|Any CPU = Release|Any CPU
	EndGlobalSection
	GlobalSection(ProjectConfigurationPlatforms) = postSolution
		{BD0DB9D4-48EB-40CC-8288-ACAF24D24429}.Debug|Any CPU.ActiveCfg = Debug|Any CPU
		{BD0DB9D4-48EB-40CC-8288-ACAF24D24429}.Debug|Any CPU.Build.0 = Debug|Any CPU
		{BD0DB9D4-48EB-40CC-8288-ACAF24D24429}.Release|Any CPU.ActiveCfg = Release|Any CPU
		{BD0DB9D4-48EB-40CC-8288-ACAF24D24429}.Release|Any CPU.Build.0 = Release|Any CPU
		{3E29C552-D254-437E-B714-3FE8D6190E81}.Debug|Any CPU.ActiveCfg = Debug|Any CPU
		{3E29C552-D254-437E-B714-3FE8D6190E81}.Debug|Any CPU.Build.0 = Debug|Any CPU
		{3E29C552-D254-437E-B714-3FE8D6190E81}.Release|Any CPU.ActiveCfg = Release|Any CPU
		{3E29C552-D254-437E-B714-3FE8D6190E81}.Release|Any CPU.Build.0 = Release|Any CPU
		{4154F3CD-AE2D-4AE4-B724-BA13DC559A6D}.Debug|Any CPU.ActiveCfg = Debug|Any CPU
		{4154F3CD-AE2D-4AE4-B724-BA13DC559A6D}.Debug|Any CPU.Build.0 = Debug|Any CPU
		{4154F3CD-AE2D-4AE4-B724-BA13DC559A6D}.Release|Any CPU.ActiveCfg = Release|Any CPU
		{4154F3CD-AE2D-4AE4-B724-BA13DC559A6D}.Release|Any CPU.Build.0 = Release|Any CPU
		{2289697E-6CF8-44EB-99F7-E9990E156BF1}.Debug|Any CPU.ActiveCfg = Debug|Any CPU
		{2289697E-6CF8-44EB-99F7-E9990E156BF1}.Debug|Any CPU.Build.0 = Debug|Any CPU
		{2289697E-6CF8-44EB-99F7-E9990E156BF1}.Release|Any CPU.ActiveCfg = Release|Any CPU
		{2289697E-6CF8-44EB-99F7-E9990E156BF1}.Release|Any CPU.Build.0 = Release|Any CPU
		{224FF4A3-59AF-472F-8431-0D653E5F74C4}.Debug|Any CPU.ActiveCfg = Debug|Any CPU
		{224FF4A3-59AF-472F-8431-0D653E5F74C4}.Debug|Any CPU.Build.0 = Debug|Any CPU
		{224FF4A3-59AF-472F-8431-0D653E5F74C4}.Release|Any CPU.ActiveCfg = Release|Any CPU
		{224FF4A3-59AF-472F-8431-0D653E5F74C4}.Release|Any CPU.Build.0 = Release|Any CPU
		{9C82D7FD-E57A-4823-9B54-84300C4AEB4D}.Debug|Any CPU.ActiveCfg = Debug|Any CPU
		{9C82D7FD-E57A-4823-9B54-84300C4AEB4D}.Debug|Any CPU.Build.0 = Debug|Any CPU
		{9C82D7FD-E57A-4823-9B54-84300C4AEB4D}.Release|Any CPU.ActiveCfg = Release|Any CPU
		{9C82D7FD-E57A-4823-9B54-84300C4AEB4D}.Release|Any CPU.Build.0 = Release|Any CPU
		{75076656-542B-48BD-961F-32995FF777DC}.Debug|Any CPU.ActiveCfg = Debug|Any CPU
		{75076656-542B-48BD-961F-32995FF777DC}.Debug|Any CPU.Build.0 = Debug|Any CPU
		{75076656-542B-48BD-961F-32995FF777DC}.Release|Any CPU.ActiveCfg = Release|Any CPU
		{75076656-542B-48BD-961F-32995FF777DC}.Release|Any CPU.Build.0 = Release|Any CPU
	EndGlobalSection
	GlobalSection(SolutionProperties) = preSolution
		HideSolutionNode = FALSE
	EndGlobalSection
EndGlobal
